
Microsoft Visual Studio Solution File, Format Version 12.00
# Visual Studio Version 17
VisualStudioVersion = 17.3.32825.248
MinimumVisualStudioVersion = 10.0.40219.1
Project("{FAE04EC0-301F-11D3-BF4B-00C04F79EFBC}") = "doan3", "doan3\doan3.csproj", "{3C4B56AD-959A-4BA3-A91F-9E90197D760B}"
EndProject
Global
	GlobalSection(SolutionConfigurationPlatforms) = preSolution
		Debug|Any CPU = Debug|Any CPU
		Release|Any CPU = Release|Any CPU
	EndGlobalSection
	GlobalSection(ProjectConfigurationPlatforms) = postSolution
		{3C4B56AD-959A-4BA3-A91F-9E90197D760B}.Debug|Any CPU.ActiveCfg = Debug|Any CPU
		{3C4B56AD-959A-4BA3-A91F-9E90197D760B}.Debug|Any CPU.Build.0 = Debug|Any CPU
		{3C4B56AD-959A-4BA3-A91F-9E90197D760B}.Release|Any CPU.ActiveCfg = Release|Any CPU
		{3C4B56AD-959A-4BA3-A91F-9E90197D760B}.Release|Any CPU.Build.0 = Release|Any CPU
	EndGlobalSection
	GlobalSection(SolutionProperties) = preSolution
		HideSolutionNode = FALSE
	EndGlobalSection
	GlobalSection(ExtensibilityGlobals) = postSolution
		SolutionGuid = {F5551883-48FA-4006-B031-03D3216C0103}
	EndGlobalSection
EndGlobal
